
Microsoft Visual Studio Solution File, Format Version 12.00
# Visual Studio Version 16
VisualStudioVersion = 16.0.31515.178
MinimumVisualStudioVersion = 10.0.40219.1
Project("{FAE04EC0-301F-11D3-BF4B-00C04F79EFBC}") = "Exercicio Entrada de dados", "Exercicio Entrada de dados\Exercicio Entrada de dados.csproj", "{588C1FE3-E3E5-4009-978C-8F95B5E7DF90}"
EndProject
Global
	GlobalSection(SolutionConfigurationPlatforms) = preSolution
		Debug|Any CPU = Debug|Any CPU
		Release|Any CPU = Release|Any CPU
	EndGlobalSection
	GlobalSection(ProjectConfigurationPlatforms) = postSolution
		{588C1FE3-E3E5-4009-978C-8F95B5E7DF90}.Debug|Any CPU.ActiveCfg = Debug|Any CPU
		{588C1FE3-E3E5-4009-978C-8F95B5E7DF90}.Debug|Any CPU.Build.0 = Debug|Any CPU
		{588C1FE3-E3E5-4009-978C-8F95B5E7DF90}.Release|Any CPU.ActiveCfg = Release|Any CPU
		{588C1FE3-E3E5-4009-978C-8F95B5E7DF90}.Release|Any CPU.Build.0 = Release|Any CPU
	EndGlobalSection
	GlobalSection(SolutionProperties) = preSolution
		HideSolutionNode = FALSE
	EndGlobalSection
	GlobalSection(ExtensibilityGlobals) = postSolution
		SolutionGuid = {2727FD47-8E01-4A3F-BD15-062BA6E0AC1A}
	EndGlobalSection
EndGlobal
